
Microsoft Visual Studio Solution File, Format Version 12.00
# Visual Studio Version 16
VisualStudioVersion = 16.0.29519.87
MinimumVisualStudioVersion = 10.0.40219.1
Project("{FAE04EC0-301F-11D3-BF4B-00C04F79EFBC}") = "MilitaryElite", "MilitaryElite\MilitaryElite.csproj", "{25FCEDEA-C4DA-4D7E-89E2-DAE7E0A522C7}"
EndProject
Project("{FAE04EC0-301F-11D3-BF4B-00C04F79EFBC}") = "Telephony", "Telephony\Telephony.csproj", "{F6A1AF22-B7C3-4651-B433-93A46A4B3200}"
EndProject
Project("{FAE04EC0-301F-11D3-BF4B-00C04F79EFBC}") = "BorderControl", "BorderControl\BorderControl.csproj", "{C80B9C1C-5388-44B4-AD5D-B2CCAEEF0DB7}"
EndProject
Project("{FAE04EC0-301F-11D3-BF4B-00C04F79EFBC}") = "Ferrari", "Ferrari\Ferrari.csproj", "{6B1F4175-A008-4B56-8DE2-6EF0AB048906}"
EndProject
Project("{FAE04EC0-301F-11D3-BF4B-00C04F79EFBC}") = "ExplicitInterfaces", "ExplicitInterfaces\ExplicitInterfaces.csproj", "{12379AD4-6CCD-4546-AD89-4C6A04DC54A5}"
EndProject
Global
	GlobalSection(SolutionConfigurationPlatforms) = preSolution
		Debug|Any CPU = Debug|Any CPU
		Release|Any CPU = Release|Any CPU
	EndGlobalSection
	GlobalSection(ProjectConfigurationPlatforms) = postSolution
		{25FCEDEA-C4DA-4D7E-89E2-DAE7E0A522C7}.Debug|Any CPU.ActiveCfg = Debug|Any CPU
		{25FCEDEA-C4DA-4D7E-89E2-DAE7E0A522C7}.Debug|Any CPU.Build.0 = Debug|Any CPU
		{25FCEDEA-C4DA-4D7E-89E2-DAE7E0A522C7}.Release|Any CPU.ActiveCfg = Release|Any CPU
		{25FCEDEA-C4DA-4D7E-89E2-DAE7E0A522C7}.Release|Any CPU.Build.0 = Release|Any CPU
		{F6A1AF22-B7C3-4651-B433-93A46A4B3200}.Debug|Any CPU.ActiveCfg = Debug|Any CPU
		{F6A1AF22-B7C3-4651-B433-93A46A4B3200}.Debug|Any CPU.Build.0 = Debug|Any CPU
		{F6A1AF22-B7C3-4651-B433-93A46A4B3200}.Release|Any CPU.ActiveCfg = Release|Any CPU
		{F6A1AF22-B7C3-4651-B433-93A46A4B3200}.Release|Any CPU.Build.0 = Release|Any CPU
		{C80B9C1C-5388-44B4-AD5D-B2CCAEEF0DB7}.Debug|Any CPU.ActiveCfg = Debug|Any CPU
		{C80B9C1C-5388-44B4-AD5D-B2CCAEEF0DB7}.Debug|Any CPU.Build.0 = Debug|Any CPU
		{C80B9C1C-5388-44B4-AD5D-B2CCAEEF0DB7}.Release|Any CPU.ActiveCfg = Release|Any CPU
		{C80B9C1C-5388-44B4-AD5D-B2CCAEEF0DB7}.Release|Any CPU.Build.0 = Release|Any CPU
		{6B1F4175-A008-4B56-8DE2-6EF0AB048906}.Debug|Any CPU.ActiveCfg = Debug|Any CPU
		{6B1F4175-A008-4B56-8DE2-6EF0AB048906}.Debug|Any CPU.Build.0 = Debug|Any CPU
		{6B1F4175-A008-4B56-8DE2-6EF0AB048906}.Release|Any CPU.ActiveCfg = Release|Any CPU
		{6B1F4175-A008-4B56-8DE2-6EF0AB048906}.Release|Any CPU.Build.0 = Release|Any CPU
		{12379AD4-6CCD-4546-AD89-4C6A04DC54A5}.Debug|Any CPU.ActiveCfg = Debug|Any CPU
		{12379AD4-6CCD-4546-AD89-4C6A04DC54A5}.Debug|Any CPU.Build.0 = Debug|Any CPU
		{12379AD4-6CCD-4546-AD89-4C6A04DC54A5}.Release|Any CPU.ActiveCfg = Release|Any CPU
		{12379AD4-6CCD-4546-AD89-4C6A04DC54A5}.Release|Any CPU.Build.0 = Release|Any CPU
	EndGlobalSection
	GlobalSection(SolutionProperties) = preSolution
		HideSolutionNode = FALSE
	EndGlobalSection
	GlobalSection(ExtensibilityGlobals) = postSolution
		SolutionGuid = {83C21764-193C-441C-96FE-22889C0C3706}
	EndGlobalSection
EndGlobal
